
Microsoft Visual Studio Solution File, Format Version 12.00
# Visual Studio Version 17
VisualStudioVersion = 17.5.002.0
MinimumVisualStudioVersion = 10.0.40219.1
Project("{2150E333-8FDC-42A3-9474-1A3956D46DE8}") = "3 Introduction_to_programming_languages", "3 Introduction_to_programming_languages", "{0B5EDC2B-999E-4463-86E3-C2E9B62EB4E5}"
EndProject
Project("{2150E333-8FDC-42A3-9474-1A3956D46DE8}") = "homeworks", "homeworks", "{A930ED02-CDAD-4EFE-AF63-ED4D506D22A8}"
EndProject
Project("{2150E333-8FDC-42A3-9474-1A3956D46DE8}") = "lesson1", "lesson1", "{EB518AAC-4038-4FAF-9C27-E1D6C97FC1B0}"
EndProject
Project("{9A19103F-16F7-4668-BE54-9A1E7A4F7556}") = "Task1", "3 Introduction_to_programming_languages\homeworks\lesson1\Task1\Task1.csproj", "{40A4C036-6C3A-4A8A-ABA4-9E120214DF29}"
EndProject
Project("{2150E333-8FDC-42A3-9474-1A3956D46DE8}") = "lesson2", "lesson2", "{67940547-179E-4175-80F2-242D9F8CC673}"
EndProject
Project("{9A19103F-16F7-4668-BE54-9A1E7A4F7556}") = "Task1", "3 Introduction_to_programming_languages\homeworks\lesson2\Task1\Task1.csproj", "{60D9EC94-DCF3-472F-827D-E03AA07D499C}"
EndProject
Project("{9A19103F-16F7-4668-BE54-9A1E7A4F7556}") = "Task2", "3 Introduction_to_programming_languages\homeworks\lesson2\Task2\Task2.csproj", "{49D33C8F-F4E4-4F43-9443-7432049B5D28}"
EndProject
Project("{9A19103F-16F7-4668-BE54-9A1E7A4F7556}") = "Task3", "3 Introduction_to_programming_languages\homeworks\lesson2\Task3\Task3.csproj", "{3B9EEAD0-1050-4439-BB92-34D12DA2EC75}"
EndProject
Project("{9A19103F-16F7-4668-BE54-9A1E7A4F7556}") = "Task4", "3 Introduction_to_programming_languages\homeworks\lesson2\Task4\Task4.csproj", "{16629735-82DA-4176-A0DF-7535F8CF71C9}"
EndProject
Project("{2150E333-8FDC-42A3-9474-1A3956D46DE8}") = "lesson3. Arrays", "lesson3. Arrays", "{243C21DF-0CDF-492D-B5DA-4B4111081159}"
EndProject
Project("{9A19103F-16F7-4668-BE54-9A1E7A4F7556}") = "Task1", "3 Introduction_to_programming_languages\homeworks\lesson3. Arrays\Task1\Task1.csproj", "{A5FA7E50-BF27-4DBA-B6CA-9F23C3A27C5F}"
EndProject
Project("{9A19103F-16F7-4668-BE54-9A1E7A4F7556}") = "Task2", "3 Introduction_to_programming_languages\homeworks\lesson3. Arrays\Task2\Task2.csproj", "{8433FF3C-C416-47C3-AC86-379E699680A1}"
EndProject
Project("{9A19103F-16F7-4668-BE54-9A1E7A4F7556}") = "Task3", "3 Introduction_to_programming_languages\homeworks\lesson3. Arrays\Task3\Task3.csproj", "{0FACC76B-728C-478A-BBAF-2E9C1ED149EB}"
EndProject
Project("{9A19103F-16F7-4668-BE54-9A1E7A4F7556}") = "Task4", "3 Introduction_to_programming_languages\homeworks\lesson3. Arrays\Task4\Task4.csproj", "{F24BD6C4-AC6E-4E85-9FCF-5C0582C1E4C7}"
EndProject
Project("{2150E333-8FDC-42A3-9474-1A3956D46DE8}") = "lesson4. Functions", "lesson4. Functions", "{531BD571-1075-45EE-B8BB-B0529DD3F870}"
EndProject
Project("{9A19103F-16F7-4668-BE54-9A1E7A4F7556}") = "Task1", "3 Introduction_to_programming_languages\homeworks\lesson4. Functions\Task1\Task1.csproj", "{789E21BB-AEAC-4008-8BB6-69B4202E4320}"
EndProject
Project("{9A19103F-16F7-4668-BE54-9A1E7A4F7556}") = "Task2", "3 Introduction_to_programming_languages\homeworks\lesson4. Functions\Task2\Task2.csproj", "{03D48A4E-D974-4804-B7A0-90B3A6605B99}"
EndProject
Project("{9A19103F-16F7-4668-BE54-9A1E7A4F7556}") = "Task3", "3 Introduction_to_programming_languages\homeworks\lesson4. Functions\Task3\Task3.csproj", "{20B9E199-74F3-47F7-B359-143EFF1DD4FF}"
EndProject
Project("{2150E333-8FDC-42A3-9474-1A3956D46DE8}") = "lesson5. 2d-arrays", "lesson5. 2d-arrays", "{6F67CC49-C9EA-424F-90F0-466F6476DE77}"
EndProject
Project("{9A19103F-16F7-4668-BE54-9A1E7A4F7556}") = "Task1", "3 Introduction_to_programming_languages\homeworks\lesson5. 2d-arrays\Task1\Task1.csproj", "{A946F60C-8254-469E-85C4-8D0D877F6722}"
EndProject
Project("{9A19103F-16F7-4668-BE54-9A1E7A4F7556}") = "Task2", "3 Introduction_to_programming_languages\homeworks\lesson5. 2d-arrays\Task2\Task2.csproj", "{DD80B317-CE20-4969-87D2-A213D3EBF97F}"
EndProject
Project("{9A19103F-16F7-4668-BE54-9A1E7A4F7556}") = "Task3", "3 Introduction_to_programming_languages\homeworks\lesson5. 2d-arrays\Task3\Task3.csproj", "{67508DAE-FDFA-40D3-9F0F-5574E3154ED6}"
EndProject
Project("{9A19103F-16F7-4668-BE54-9A1E7A4F7556}") = "Task4", "3 Introduction_to_programming_languages\homeworks\lesson5. 2d-arrays\Task4\Task4.csproj", "{89441DBE-7F4D-44DA-A05E-ECA3171FF984}"
EndProject
Project("{2150E333-8FDC-42A3-9474-1A3956D46DE8}") = "lesson6. Arrays and strings", "lesson6. Arrays and strings", "{110E8833-B566-497E-9D32-0EE16D6C4192}"
EndProject
Project("{9A19103F-16F7-4668-BE54-9A1E7A4F7556}") = "Task1", "3 Introduction_to_programming_languages\homeworks\lesson6. Arrays and strings\Task1\Task1.csproj", "{6C602CB6-1D33-4C8B-B5B9-17FA18F6DCF1}"
EndProject
Project("{9A19103F-16F7-4668-BE54-9A1E7A4F7556}") = "Task2", "3 Introduction_to_programming_languages\homeworks\lesson6. Arrays and strings\Task2\Task2.csproj", "{583B95A1-890A-4E3E-91D2-E608799AC6A0}"
EndProject
Project("{9A19103F-16F7-4668-BE54-9A1E7A4F7556}") = "Task3", "3 Introduction_to_programming_languages\homeworks\lesson6. Arrays and strings\Task3\Task3.csproj", "{386A2FCB-1BBF-4817-AFEB-FB366C3CC3A6}"
EndProject
Project("{9A19103F-16F7-4668-BE54-9A1E7A4F7556}") = "Task4", "3 Introduction_to_programming_languages\homeworks\lesson6. Arrays and strings\Task4\Task4.csproj", "{392C4E5F-C15B-4E63-96BC-5002B7750AAA}"
EndProject
Project("{2150E333-8FDC-42A3-9474-1A3956D46DE8}") = "lesson7. Recursion", "lesson7. Recursion", "{6E6A7A86-1A3C-4FFA-844E-98CF240D2B9A}"
EndProject
Project("{9A19103F-16F7-4668-BE54-9A1E7A4F7556}") = "Task1", "3 Introduction_to_programming_languages\homeworks\lesson7. Recursion\Task1\Task1.csproj", "{5CB51369-D4ED-4234-876C-15B0256A3B97}"
EndProject
Project("{9A19103F-16F7-4668-BE54-9A1E7A4F7556}") = "Task2", "3 Introduction_to_programming_languages\homeworks\lesson7. Recursion\Task2\Task2.csproj", "{1254791D-E4FE-4DCF-90E6-D8C168CF1A95}"
EndProject
Project("{9A19103F-16F7-4668-BE54-9A1E7A4F7556}") = "Task3", "3 Introduction_to_programming_languages\homeworks\lesson7. Recursion\Task3\Task3.csproj", "{32DB5937-A694-41FD-A148-54D9501B4F31}"
EndProject
Global
	GlobalSection(SolutionConfigurationPlatforms) = preSolution
		Debug|Any CPU = Debug|Any CPU
		Release|Any CPU = Release|Any CPU
	EndGlobalSection
	GlobalSection(ProjectConfigurationPlatforms) = postSolution
		{40A4C036-6C3A-4A8A-ABA4-9E120214DF29}.Debug|Any CPU.ActiveCfg = Debug|Any CPU
		{40A4C036-6C3A-4A8A-ABA4-9E120214DF29}.Debug|Any CPU.Build.0 = Debug|Any CPU
		{40A4C036-6C3A-4A8A-ABA4-9E120214DF29}.Release|Any CPU.ActiveCfg = Release|Any CPU
		{40A4C036-6C3A-4A8A-ABA4-9E120214DF29}.Release|Any CPU.Build.0 = Release|Any CPU
		{60D9EC94-DCF3-472F-827D-E03AA07D499C}.Debug|Any CPU.ActiveCfg = Debug|Any CPU
		{60D9EC94-DCF3-472F-827D-E03AA07D499C}.Debug|Any CPU.Build.0 = Debug|Any CPU
		{60D9EC94-DCF3-472F-827D-E03AA07D499C}.Release|Any CPU.ActiveCfg = Release|Any CPU
		{60D9EC94-DCF3-472F-827D-E03AA07D499C}.Release|Any CPU.Build.0 = Release|Any CPU
		{49D33C8F-F4E4-4F43-9443-7432049B5D28}.Debug|Any CPU.ActiveCfg = Debug|Any CPU
		{49D33C8F-F4E4-4F43-9443-7432049B5D28}.Debug|Any CPU.Build.0 = Debug|Any CPU
		{49D33C8F-F4E4-4F43-9443-7432049B5D28}.Release|Any CPU.ActiveCfg = Release|Any CPU
		{49D33C8F-F4E4-4F43-9443-7432049B5D28}.Release|Any CPU.Build.0 = Release|Any CPU
		{3B9EEAD0-1050-4439-BB92-34D12DA2EC75}.Debug|Any CPU.ActiveCfg = Debug|Any CPU
		{3B9EEAD0-1050-4439-BB92-34D12DA2EC75}.Debug|Any CPU.Build.0 = Debug|Any CPU
		{3B9EEAD0-1050-4439-BB92-34D12DA2EC75}.Release|Any CPU.ActiveCfg = Release|Any CPU
		{3B9EEAD0-1050-4439-BB92-34D12DA2EC75}.Release|Any CPU.Build.0 = Release|Any CPU
		{16629735-82DA-4176-A0DF-7535F8CF71C9}.Debug|Any CPU.ActiveCfg = Debug|Any CPU
		{16629735-82DA-4176-A0DF-7535F8CF71C9}.Debug|Any CPU.Build.0 = Debug|Any CPU
		{16629735-82DA-4176-A0DF-7535F8CF71C9}.Release|Any CPU.ActiveCfg = Release|Any CPU
		{16629735-82DA-4176-A0DF-7535F8CF71C9}.Release|Any CPU.Build.0 = Release|Any CPU
		{A5FA7E50-BF27-4DBA-B6CA-9F23C3A27C5F}.Debug|Any CPU.ActiveCfg = Debug|Any CPU
		{A5FA7E50-BF27-4DBA-B6CA-9F23C3A27C5F}.Debug|Any CPU.Build.0 = Debug|Any CPU
		{A5FA7E50-BF27-4DBA-B6CA-9F23C3A27C5F}.Release|Any CPU.ActiveCfg = Release|Any CPU
		{A5FA7E50-BF27-4DBA-B6CA-9F23C3A27C5F}.Release|Any CPU.Build.0 = Release|Any CPU
		{8433FF3C-C416-47C3-AC86-379E699680A1}.Debug|Any CPU.ActiveCfg = Debug|Any CPU
		{8433FF3C-C416-47C3-AC86-379E699680A1}.Debug|Any CPU.Build.0 = Debug|Any CPU
		{8433FF3C-C416-47C3-AC86-379E699680A1}.Release|Any CPU.ActiveCfg = Release|Any CPU
		{8433FF3C-C416-47C3-AC86-379E699680A1}.Release|Any CPU.Build.0 = Release|Any CPU
		{0FACC76B-728C-478A-BBAF-2E9C1ED149EB}.Debug|Any CPU.ActiveCfg = Debug|Any CPU
		{0FACC76B-728C-478A-BBAF-2E9C1ED149EB}.Debug|Any CPU.Build.0 = Debug|Any CPU
		{0FACC76B-728C-478A-BBAF-2E9C1ED149EB}.Release|Any CPU.ActiveCfg = Release|Any CPU
		{0FACC76B-728C-478A-BBAF-2E9C1ED149EB}.Release|Any CPU.Build.0 = Release|Any CPU
		{F24BD6C4-AC6E-4E85-9FCF-5C0582C1E4C7}.Debug|Any CPU.ActiveCfg = Debug|Any CPU
		{F24BD6C4-AC6E-4E85-9FCF-5C0582C1E4C7}.Debug|Any CPU.Build.0 = Debug|Any CPU
		{F24BD6C4-AC6E-4E85-9FCF-5C0582C1E4C7}.Release|Any CPU.ActiveCfg = Release|Any CPU
		{F24BD6C4-AC6E-4E85-9FCF-5C0582C1E4C7}.Release|Any CPU.Build.0 = Release|Any CPU
		{789E21BB-AEAC-4008-8BB6-69B4202E4320}.Debug|Any CPU.ActiveCfg = Debug|Any CPU
		{789E21BB-AEAC-4008-8BB6-69B4202E4320}.Debug|Any CPU.Build.0 = Debug|Any CPU
		{789E21BB-AEAC-4008-8BB6-69B4202E4320}.Release|Any CPU.ActiveCfg = Release|Any CPU
		{789E21BB-AEAC-4008-8BB6-69B4202E4320}.Release|Any CPU.Build.0 = Release|Any CPU
		{03D48A4E-D974-4804-B7A0-90B3A6605B99}.Debug|Any CPU.ActiveCfg = Debug|Any CPU
		{03D48A4E-D974-4804-B7A0-90B3A6605B99}.Debug|Any CPU.Build.0 = Debug|Any CPU
		{03D48A4E-D974-4804-B7A0-90B3A6605B99}.Release|Any CPU.ActiveCfg = Release|Any CPU
		{03D48A4E-D974-4804-B7A0-90B3A6605B99}.Release|Any CPU.Build.0 = Release|Any CPU
		{20B9E199-74F3-47F7-B359-143EFF1DD4FF}.Debug|Any CPU.ActiveCfg = Debug|Any CPU
		{20B9E199-74F3-47F7-B359-143EFF1DD4FF}.Debug|Any CPU.Build.0 = Debug|Any CPU
		{20B9E199-74F3-47F7-B359-143EFF1DD4FF}.Release|Any CPU.ActiveCfg = Release|Any CPU
		{20B9E199-74F3-47F7-B359-143EFF1DD4FF}.Release|Any CPU.Build.0 = Release|Any CPU
		{A946F60C-8254-469E-85C4-8D0D877F6722}.Debug|Any CPU.ActiveCfg = Debug|Any CPU
		{A946F60C-8254-469E-85C4-8D0D877F6722}.Debug|Any CPU.Build.0 = Debug|Any CPU
		{A946F60C-8254-469E-85C4-8D0D877F6722}.Release|Any CPU.ActiveCfg = Release|Any CPU
		{A946F60C-8254-469E-85C4-8D0D877F6722}.Release|Any CPU.Build.0 = Release|Any CPU
		{DD80B317-CE20-4969-87D2-A213D3EBF97F}.Debug|Any CPU.ActiveCfg = Debug|Any CPU
		{DD80B317-CE20-4969-87D2-A213D3EBF97F}.Debug|Any CPU.Build.0 = Debug|Any CPU
		{DD80B317-CE20-4969-87D2-A213D3EBF97F}.Release|Any CPU.ActiveCfg = Release|Any CPU
		{DD80B317-CE20-4969-87D2-A213D3EBF97F}.Release|Any CPU.Build.0 = Release|Any CPU
		{67508DAE-FDFA-40D3-9F0F-5574E3154ED6}.Debug|Any CPU.ActiveCfg = Debug|Any CPU
		{67508DAE-FDFA-40D3-9F0F-5574E3154ED6}.Debug|Any CPU.Build.0 = Debug|Any CPU
		{67508DAE-FDFA-40D3-9F0F-5574E3154ED6}.Release|Any CPU.ActiveCfg = Release|Any CPU
		{67508DAE-FDFA-40D3-9F0F-5574E3154ED6}.Release|Any CPU.Build.0 = Release|Any CPU
		{89441DBE-7F4D-44DA-A05E-ECA3171FF984}.Debug|Any CPU.ActiveCfg = Debug|Any CPU
		{89441DBE-7F4D-44DA-A05E-ECA3171FF984}.Debug|Any CPU.Build.0 = Debug|Any CPU
		{89441DBE-7F4D-44DA-A05E-ECA3171FF984}.Release|Any CPU.ActiveCfg = Release|Any CPU
		{89441DBE-7F4D-44DA-A05E-ECA3171FF984}.Release|Any CPU.Build.0 = Release|Any CPU
		{6C602CB6-1D33-4C8B-B5B9-17FA18F6DCF1}.Debug|Any CPU.ActiveCfg = Debug|Any CPU
		{6C602CB6-1D33-4C8B-B5B9-17FA18F6DCF1}.Debug|Any CPU.Build.0 = Debug|Any CPU
		{6C602CB6-1D33-4C8B-B5B9-17FA18F6DCF1}.Release|Any CPU.ActiveCfg = Release|Any CPU
		{6C602CB6-1D33-4C8B-B5B9-17FA18F6DCF1}.Release|Any CPU.Build.0 = Release|Any CPU
		{583B95A1-890A-4E3E-91D2-E608799AC6A0}.Debug|Any CPU.ActiveCfg = Debug|Any CPU
		{583B95A1-890A-4E3E-91D2-E608799AC6A0}.Debug|Any CPU.Build.0 = Debug|Any CPU
		{583B95A1-890A-4E3E-91D2-E608799AC6A0}.Release|Any CPU.ActiveCfg = Release|Any CPU
		{583B95A1-890A-4E3E-91D2-E608799AC6A0}.Release|Any CPU.Build.0 = Release|Any CPU
		{386A2FCB-1BBF-4817-AFEB-FB366C3CC3A6}.Debug|Any CPU.ActiveCfg = Debug|Any CPU
		{386A2FCB-1BBF-4817-AFEB-FB366C3CC3A6}.Debug|Any CPU.Build.0 = Debug|Any CPU
		{386A2FCB-1BBF-4817-AFEB-FB366C3CC3A6}.Release|Any CPU.ActiveCfg = Release|Any CPU
		{386A2FCB-1BBF-4817-AFEB-FB366C3CC3A6}.Release|Any CPU.Build.0 = Release|Any CPU
		{392C4E5F-C15B-4E63-96BC-5002B7750AAA}.Debug|Any CPU.ActiveCfg = Debug|Any CPU
		{392C4E5F-C15B-4E63-96BC-5002B7750AAA}.Debug|Any CPU.Build.0 = Debug|Any CPU
		{392C4E5F-C15B-4E63-96BC-5002B7750AAA}.Release|Any CPU.ActiveCfg = Release|Any CPU
		{392C4E5F-C15B-4E63-96BC-5002B7750AAA}.Release|Any CPU.Build.0 = Release|Any CPU
		{5CB51369-D4ED-4234-876C-15B0256A3B97}.Debug|Any CPU.ActiveCfg = Debug|Any CPU
		{5CB51369-D4ED-4234-876C-15B0256A3B97}.Debug|Any CPU.Build.0 = Debug|Any CPU
		{5CB51369-D4ED-4234-876C-15B0256A3B97}.Release|Any CPU.ActiveCfg = Release|Any CPU
		{5CB51369-D4ED-4234-876C-15B0256A3B97}.Release|Any CPU.Build.0 = Release|Any CPU
		{1254791D-E4FE-4DCF-90E6-D8C168CF1A95}.Debug|Any CPU.ActiveCfg = Debug|Any CPU
		{1254791D-E4FE-4DCF-90E6-D8C168CF1A95}.Debug|Any CPU.Build.0 = Debug|Any CPU
		{1254791D-E4FE-4DCF-90E6-D8C168CF1A95}.Release|Any CPU.ActiveCfg = Release|Any CPU
		{1254791D-E4FE-4DCF-90E6-D8C168CF1A95}.Release|Any CPU.Build.0 = Release|Any CPU
		{32DB5937-A694-41FD-A148-54D9501B4F31}.Debug|Any CPU.ActiveCfg = Debug|Any CPU
		{32DB5937-A694-41FD-A148-54D9501B4F31}.Debug|Any CPU.Build.0 = Debug|Any CPU
		{32DB5937-A694-41FD-A148-54D9501B4F31}.Release|Any CPU.ActiveCfg = Release|Any CPU
		{32DB5937-A694-41FD-A148-54D9501B4F31}.Release|Any CPU.Build.0 = Release|Any CPU
	EndGlobalSection
	GlobalSection(SolutionProperties) = preSolution
		HideSolutionNode = FALSE
	EndGlobalSection
	GlobalSection(NestedProjects) = preSolution
		{A930ED02-CDAD-4EFE-AF63-ED4D506D22A8} = {0B5EDC2B-999E-4463-86E3-C2E9B62EB4E5}
		{EB518AAC-4038-4FAF-9C27-E1D6C97FC1B0} = {A930ED02-CDAD-4EFE-AF63-ED4D506D22A8}
		{40A4C036-6C3A-4A8A-ABA4-9E120214DF29} = {EB518AAC-4038-4FAF-9C27-E1D6C97FC1B0}
		{67940547-179E-4175-80F2-242D9F8CC673} = {A930ED02-CDAD-4EFE-AF63-ED4D506D22A8}
		{60D9EC94-DCF3-472F-827D-E03AA07D499C} = {67940547-179E-4175-80F2-242D9F8CC673}
		{49D33C8F-F4E4-4F43-9443-7432049B5D28} = {67940547-179E-4175-80F2-242D9F8CC673}
		{3B9EEAD0-1050-4439-BB92-34D12DA2EC75} = {67940547-179E-4175-80F2-242D9F8CC673}
		{16629735-82DA-4176-A0DF-7535F8CF71C9} = {67940547-179E-4175-80F2-242D9F8CC673}
		{243C21DF-0CDF-492D-B5DA-4B4111081159} = {A930ED02-CDAD-4EFE-AF63-ED4D506D22A8}
		{A5FA7E50-BF27-4DBA-B6CA-9F23C3A27C5F} = {243C21DF-0CDF-492D-B5DA-4B4111081159}
		{8433FF3C-C416-47C3-AC86-379E699680A1} = {243C21DF-0CDF-492D-B5DA-4B4111081159}
		{0FACC76B-728C-478A-BBAF-2E9C1ED149EB} = {243C21DF-0CDF-492D-B5DA-4B4111081159}
		{F24BD6C4-AC6E-4E85-9FCF-5C0582C1E4C7} = {243C21DF-0CDF-492D-B5DA-4B4111081159}
		{531BD571-1075-45EE-B8BB-B0529DD3F870} = {A930ED02-CDAD-4EFE-AF63-ED4D506D22A8}
		{789E21BB-AEAC-4008-8BB6-69B4202E4320} = {531BD571-1075-45EE-B8BB-B0529DD3F870}
		{03D48A4E-D974-4804-B7A0-90B3A6605B99} = {531BD571-1075-45EE-B8BB-B0529DD3F870}
		{20B9E199-74F3-47F7-B359-143EFF1DD4FF} = {531BD571-1075-45EE-B8BB-B0529DD3F870}
		{6F67CC49-C9EA-424F-90F0-466F6476DE77} = {A930ED02-CDAD-4EFE-AF63-ED4D506D22A8}
		{A946F60C-8254-469E-85C4-8D0D877F6722} = {6F67CC49-C9EA-424F-90F0-466F6476DE77}
		{DD80B317-CE20-4969-87D2-A213D3EBF97F} = {6F67CC49-C9EA-424F-90F0-466F6476DE77}
		{67508DAE-FDFA-40D3-9F0F-5574E3154ED6} = {6F67CC49-C9EA-424F-90F0-466F6476DE77}
		{89441DBE-7F4D-44DA-A05E-ECA3171FF984} = {6F67CC49-C9EA-424F-90F0-466F6476DE77}
		{110E8833-B566-497E-9D32-0EE16D6C4192} = {A930ED02-CDAD-4EFE-AF63-ED4D506D22A8}
		{6C602CB6-1D33-4C8B-B5B9-17FA18F6DCF1} = {110E8833-B566-497E-9D32-0EE16D6C4192}
		{583B95A1-890A-4E3E-91D2-E608799AC6A0} = {110E8833-B566-497E-9D32-0EE16D6C4192}
		{386A2FCB-1BBF-4817-AFEB-FB366C3CC3A6} = {110E8833-B566-497E-9D32-0EE16D6C4192}
		{392C4E5F-C15B-4E63-96BC-5002B7750AAA} = {110E8833-B566-497E-9D32-0EE16D6C4192}
		{6E6A7A86-1A3C-4FFA-844E-98CF240D2B9A} = {A930ED02-CDAD-4EFE-AF63-ED4D506D22A8}
		{5CB51369-D4ED-4234-876C-15B0256A3B97} = {6E6A7A86-1A3C-4FFA-844E-98CF240D2B9A}
		{1254791D-E4FE-4DCF-90E6-D8C168CF1A95} = {6E6A7A86-1A3C-4FFA-844E-98CF240D2B9A}
		{32DB5937-A694-41FD-A148-54D9501B4F31} = {6E6A7A86-1A3C-4FFA-844E-98CF240D2B9A}
	EndGlobalSection
	GlobalSection(ExtensibilityGlobals) = postSolution
		SolutionGuid = {79DB4A06-A78F-4288-8333-F96406756FCF}
	EndGlobalSection
EndGlobal
