
Microsoft Visual Studio Solution File, Format Version 12.00
# Visual Studio Version 17
VisualStudioVersion = 17.5.002.0
MinimumVisualStudioVersion = 10.0.40219.1
Project("{2150E333-8FDC-42A3-9474-1A3956D46DE8}") = "3 Introduction_to_programming_languages", "3 Introduction_to_programming_languages", "{A2A30FAA-24CA-44F1-8285-4925D542051B}"
EndProject
Project("{2150E333-8FDC-42A3-9474-1A3956D46DE8}") = "lesson1", "lesson1", "{D4155491-32B1-4F8C-A4B4-7D2E21E48561}"
EndProject
Project("{2150E333-8FDC-42A3-9474-1A3956D46DE8}") = "practice", "practice", "{2D9C45A7-8961-4BF3-A304-9A2A141502D4}"
EndProject
Project("{9A19103F-16F7-4668-BE54-9A1E7A4F7556}") = "Task1", "3 Introduction_to_programming_languages\lesson1\practice\Task1\Task1.csproj", "{2F1B2646-F80E-43B9-8A26-9583149BA5B6}"
EndProject
Project("{2150E333-8FDC-42A3-9474-1A3956D46DE8}") = "lesson2", "lesson2", "{028A0746-8FD5-46DC-B9F0-E280AEF56AA2}"
EndProject
Project("{2150E333-8FDC-42A3-9474-1A3956D46DE8}") = "homeworks", "homeworks", "{5CE1F815-E697-4185-A71A-F1CC64A52572}"
EndProject
Project("{9A19103F-16F7-4668-BE54-9A1E7A4F7556}") = "Task1", "3 Introduction_to_programming_languages\lesson2\homeworks\Task1\Task1.csproj", "{2023D80C-771B-4B8B-9839-CD8EEC4884D3}"
EndProject
Project("{9A19103F-16F7-4668-BE54-9A1E7A4F7556}") = "Task2", "3 Introduction_to_programming_languages\lesson2\homeworks\Task2\Task2.csproj", "{611B896B-9721-49B3-88FE-379456908517}"
EndProject
Project("{9A19103F-16F7-4668-BE54-9A1E7A4F7556}") = "Task3", "3 Introduction_to_programming_languages\lesson2\homeworks\Task3\Task3.csproj", "{4796CF48-4AB6-440A-97D2-F264160A08EC}"
EndProject
Project("{9A19103F-16F7-4668-BE54-9A1E7A4F7556}") = "Task4", "3 Introduction_to_programming_languages\lesson2\homeworks\Task4\Task4.csproj", "{4AF71FF4-3242-4B03-988F-ED2D5FC2F663}"
EndProject
Global
	GlobalSection(SolutionConfigurationPlatforms) = preSolution
		Debug|Any CPU = Debug|Any CPU
		Release|Any CPU = Release|Any CPU
	EndGlobalSection
	GlobalSection(ProjectConfigurationPlatforms) = postSolution
		{2F1B2646-F80E-43B9-8A26-9583149BA5B6}.Debug|Any CPU.ActiveCfg = Debug|Any CPU
		{2F1B2646-F80E-43B9-8A26-9583149BA5B6}.Debug|Any CPU.Build.0 = Debug|Any CPU
		{2F1B2646-F80E-43B9-8A26-9583149BA5B6}.Release|Any CPU.ActiveCfg = Release|Any CPU
		{2F1B2646-F80E-43B9-8A26-9583149BA5B6}.Release|Any CPU.Build.0 = Release|Any CPU
		{2023D80C-771B-4B8B-9839-CD8EEC4884D3}.Debug|Any CPU.ActiveCfg = Debug|Any CPU
		{2023D80C-771B-4B8B-9839-CD8EEC4884D3}.Debug|Any CPU.Build.0 = Debug|Any CPU
		{2023D80C-771B-4B8B-9839-CD8EEC4884D3}.Release|Any CPU.ActiveCfg = Release|Any CPU
		{2023D80C-771B-4B8B-9839-CD8EEC4884D3}.Release|Any CPU.Build.0 = Release|Any CPU
		{611B896B-9721-49B3-88FE-379456908517}.Debug|Any CPU.ActiveCfg = Debug|Any CPU
		{611B896B-9721-49B3-88FE-379456908517}.Debug|Any CPU.Build.0 = Debug|Any CPU
		{611B896B-9721-49B3-88FE-379456908517}.Release|Any CPU.ActiveCfg = Release|Any CPU
		{611B896B-9721-49B3-88FE-379456908517}.Release|Any CPU.Build.0 = Release|Any CPU
		{4796CF48-4AB6-440A-97D2-F264160A08EC}.Debug|Any CPU.ActiveCfg = Debug|Any CPU
		{4796CF48-4AB6-440A-97D2-F264160A08EC}.Debug|Any CPU.Build.0 = Debug|Any CPU
		{4796CF48-4AB6-440A-97D2-F264160A08EC}.Release|Any CPU.ActiveCfg = Release|Any CPU
		{4796CF48-4AB6-440A-97D2-F264160A08EC}.Release|Any CPU.Build.0 = Release|Any CPU
		{4AF71FF4-3242-4B03-988F-ED2D5FC2F663}.Debug|Any CPU.ActiveCfg = Debug|Any CPU
		{4AF71FF4-3242-4B03-988F-ED2D5FC2F663}.Debug|Any CPU.Build.0 = Debug|Any CPU
		{4AF71FF4-3242-4B03-988F-ED2D5FC2F663}.Release|Any CPU.ActiveCfg = Release|Any CPU
		{4AF71FF4-3242-4B03-988F-ED2D5FC2F663}.Release|Any CPU.Build.0 = Release|Any CPU
	EndGlobalSection
	GlobalSection(SolutionProperties) = preSolution
		HideSolutionNode = FALSE
	EndGlobalSection
	GlobalSection(NestedProjects) = preSolution
		{D4155491-32B1-4F8C-A4B4-7D2E21E48561} = {A2A30FAA-24CA-44F1-8285-4925D542051B}
		{2D9C45A7-8961-4BF3-A304-9A2A141502D4} = {D4155491-32B1-4F8C-A4B4-7D2E21E48561}
		{2F1B2646-F80E-43B9-8A26-9583149BA5B6} = {2D9C45A7-8961-4BF3-A304-9A2A141502D4}
		{028A0746-8FD5-46DC-B9F0-E280AEF56AA2} = {A2A30FAA-24CA-44F1-8285-4925D542051B}
		{5CE1F815-E697-4185-A71A-F1CC64A52572} = {028A0746-8FD5-46DC-B9F0-E280AEF56AA2}
		{2023D80C-771B-4B8B-9839-CD8EEC4884D3} = {5CE1F815-E697-4185-A71A-F1CC64A52572}
		{611B896B-9721-49B3-88FE-379456908517} = {5CE1F815-E697-4185-A71A-F1CC64A52572}
		{4796CF48-4AB6-440A-97D2-F264160A08EC} = {5CE1F815-E697-4185-A71A-F1CC64A52572}
		{4AF71FF4-3242-4B03-988F-ED2D5FC2F663} = {5CE1F815-E697-4185-A71A-F1CC64A52572}
	EndGlobalSection
	GlobalSection(ExtensibilityGlobals) = postSolution
		SolutionGuid = {7C38F9ED-2947-48C6-A1E4-0330A7850E3A}
	EndGlobalSection
EndGlobal
